// !$*UTF8*$!
{
	archiveVersion = 1;
	classes = {
	};
	objectVersion = 46;
	objects = {

/* Begin PBXBuildFile section */
		2FE044AF191D68C4006DE74E /* Foundation.framework in Frameworks */ = {isa = PBXBuildFile; fileRef = 2FE044AE191D68C4006DE74E /* Foundation.framework */; };
		2FE044B1191D68C4006DE74E /* CoreGraphics.framework in Frameworks */ = {isa = PBXBuildFile; fileRef = 2FE044B0191D68C4006DE74E /* CoreGraphics.framework */; };
		2FE044B3191D68C4006DE74E /* UIKit.framework in Frameworks */ = {isa = PBXBuildFile; fileRef = 2FE044B2191D68C4006DE74E /* UIKit.framework */; };
		2FE044B9191D68C4006DE74E /* InfoPlist.strings in Resources */ = {isa = PBXBuildFile; fileRef = 2FE044B7191D68C4006DE74E /* InfoPlist.strings */; };
		2FE044BB191D68C4006DE74E /* main.m in Sources */ = {isa = PBXBuildFile; fileRef = 2FE044BA191D68C4006DE74E /* main.m */; };
		2FE044BF191D68C4006DE74E /* PXAppDelegate.m in Sources */ = {isa = PBXBuildFile; fileRef = 2FE044BE191D68C4006DE74E /* PXAppDelegate.m */; };
		2FE044C2191D68C4006DE74E /* Main.storyboard in Resources */ = {isa = PBXBuildFile; fileRef = 2FE044C0191D68C4006DE74E /* Main.storyboard */; };
		2FE044C5191D68C4006DE74E /* PXViewController.m in Sources */ = {isa = PBXBuildFile; fileRef = 2FE044C4191D68C4006DE74E /* PXViewController.m */; };
		2FE044C7191D68C4006DE74E /* Images.xcassets in Resources */ = {isa = PBXBuildFile; fileRef = 2FE044C6191D68C4006DE74E /* Images.xcassets */; };
		2FE044CE191D68C4006DE74E /* XCTest.framework in Frameworks */ = {isa = PBXBuildFile; fileRef = 2FE044CD191D68C4006DE74E /* XCTest.framework */; };
		2FE044CF191D68C4006DE74E /* Foundation.framework in Frameworks */ = {isa = PBXBuildFile; fileRef = 2FE044AE191D68C4006DE74E /* Foundation.framework */; };
		2FE044D0191D68C4006DE74E /* UIKit.framework in Frameworks */ = {isa = PBXBuildFile; fileRef = 2FE044B2191D68C4006DE74E /* UIKit.framework */; };
		2FE044D8191D68C4006DE74E /* InfoPlist.strings in Resources */ = {isa = PBXBuildFile; fileRef = 2FE044D6191D68C4006DE74E /* InfoPlist.strings */; };
		2FE044DA191D68C4006DE74E /* SourceTreeTestTests.m in Sources */ = {isa = PBXBuildFile; fileRef = 2FE044D9191D68C4006DE74E /* SourceTreeTestTests.m */; };
/* End PBXBuildFile section */

/* Begin PBXContainerItemProxy section */
		2FE044D1191D68C4006DE74E /* PBXContainerItemProxy */ = {
			isa = PBXContainerItemProxy;
			containerPortal = 2FE044A3191D68C4006DE74E /* Project object */;
			proxyType = 1;
			remoteGlobalIDString = 2FE044AA191D68C4006DE74E;
			remoteInfo = SourceTreeTest;
		};
/* End PBXContainerItemProxy section */

/* Begin PBXFileReference section */
		2FE044AB191D68C4006DE74E /* SourceTreeTest.app */ = {isa = PBXFileReference; explicitFileType = wrapper.application; includeInIndex = 0; path = SourceTreeTest.app; sourceTree = BUILT_PRODUCTS_DIR; };
		2FE044AE191D68C4006DE74E /* Foundation.framework */ = {isa = PBXFileReference; lastKnownFileType = wrapper.framework; name = Foundation.framework; path = System/Library/Frameworks/Foundation.framework; sourceTree = SDKROOT; };
		2FE044B0191D68C4006DE74E /* CoreGraphics.framework */ = {isa = PBXFileReference; lastKnownFileType = wrapper.framework; name = CoreGraphics.framework; path = System/Library/Frameworks/CoreGraphics.framework; sourceTree = SDKROOT; };
		2FE044B2191D68C4006DE74E /* UIKit.framework */ = {isa = PBXFileReference; lastKnownFileType = wrapper.framework; name = UIKit.framework; path = System/Library/Frameworks/UIKit.framework; sourceTree = SDKROOT; };
		2FE044B6191D68C4006DE74E /* SourceTreeTest-Info.plist */ = {isa = PBXFileReference; lastKnownFileType = text.plist.xml; path = "SourceTreeTest-Info.plist"; sourceTree = "<group>"; };
		2FE044B8191D68C4006DE74E /* en */ = {isa = PBXFileReference; lastKnownFileType = text.plist.strings; name = en; path = en.lproj/InfoPlist.strings; sourceTree = "<group>"; };
		2FE044BA191D68C4006DE74E /* main.m */ = {isa = PBXFileReference; lastKnownFileType = sourcecode.c.objc; path = main.m; sourceTree = "<group>"; };
		2FE044BC191D68C4006DE74E /* SourceTreeTest-Prefix.pch */ = {isa = PBXFileReference; lastKnownFileType = sourcecode.c.h; path = "SourceTreeTest-Prefix.pch"; sourceTree = "<group>"; };
		2FE044BD191D68C4006DE74E /* PXAppDelegate.h */ = {isa = PBXFileReference; lastKnownFileType = sourcecode.c.h; path = PXAppDelegate.h; sourceTree = "<group>"; };
		2FE044BE191D68C4006DE74E /* PXAppDelegate.m */ = {isa = PBXFileReference; lastKnownFileType = sourcecode.c.objc; path = PXAppDelegate.m; sourceTree = "<group>"; };
		2FE044C1191D68C4006DE74E /* Base */ = {isa = PBXFileReference; lastKnownFileType = file.storyboard; name = Base; path = Base.lproj/Main.storyboard; sourceTree = "<group>"; };
		2FE044C3191D68C4006DE74E /* PXViewController.h */ = {isa = PBXFileReference; lastKnownFileType = sourcecode.c.h; path = PXViewController.h; sourceTree = "<group>"; };
		2FE044C4191D68C4006DE74E /* PXViewController.m */ = {isa = PBXFileReference; lastKnownFileType = sourcecode.c.objc; path = PXViewController.m; sourceTree = "<group>"; };
		2FE044C6191D68C4006DE74E /* Images.xcassets */ = {isa = PBXFileReference; lastKnownFileType = folder.assetcatalog; path = Images.xcassets; sourceTree = "<group>"; };
		2FE044CC191D68C4006DE74E /* SourceTreeTestTests.xctest */ = {isa = PBXFileReference; explicitFileType = wrapper.cfbundle; includeInIndex = 0; path = SourceTreeTestTests.xctest; sourceTree = BUILT_PRODUCTS_DIR; };
		2FE044CD191D68C4006DE74E /* XCTest.framework */ = {isa = PBXFileReference; lastKnownFileType = wrapper.framework; name = XCTest.framework; path = Library/Frameworks/XCTest.framework; sourceTree = DEVELOPER_DIR; };
		2FE044D5191D68C4006DE74E /* SourceTreeTestTests-Info.plist */ = {isa = PBXFileReference; lastKnownFileType = text.plist.xml; path = "SourceTreeTestTests-Info.plist"; sourceTree = "<group>"; };
		2FE044D7191D68C4006DE74E /* en */ = {isa = PBXFileReference; lastKnownFileType = text.plist.strings; name = en; path = en.lproj/InfoPlist.strings; sourceTree = "<group>"; };
		2FE044D9191D68C4006DE74E /* SourceTreeTestTests.m */ = {isa = PBXFileReference; lastKnownFileType = sourcecode.c.objc; path = SourceTreeTestTests.m; sourceTree = "<group>"; };
/* End PBXFileReference section */

/* Begin PBXFrameworksBuildPhase section */
		2FE044A8191D68C4006DE74E /* Frameworks */ = {
			isa = PBXFrameworksBuildPhase;
			buildActionMask = 2147483647;
			files = (
				2FE044B1191D68C4006DE74E /* CoreGraphics.framework in Frameworks */,
				2FE044B3191D68C4006DE74E /* UIKit.framework in Frameworks */,
				2FE044AF191D68C4006DE74E /* Foundation.framework in Frameworks */,
			);
			runOnlyForDeploymentPostprocessing = 0;
		};
		2FE044C9191D68C4006DE74E /* Frameworks */ = {
			isa = PBXFrameworksBuildPhase;
			buildActionMask = 2147483647;
			files = (
				2FE044CE191D68C4006DE74E /* XCTest.framework in Frameworks */,
				2FE044D0191D68C4006DE74E /* UIKit.framework in Frameworks */,
				2FE044CF191D68C4006DE74E /* Foundation.framework in Frameworks */,
			);
			runOnlyForDeploymentPostprocessing = 0;
		};
/* End PBXFrameworksBuildPhase section */

/* Begin PBXGroup section */
		2FE044A2191D68C4006DE74E = {
			isa = PBXGroup;
			children = (
				2FE044B4191D68C4006DE74E /* SourceTreeTest */,
				2FE044D3191D68C4006DE74E /* SourceTreeTestTests */,
				2FE044AD191D68C4006DE74E /* Frameworks */,
				2FE044AC191D68C4006DE74E /* Products */,
			);
			sourceTree = "<group>";
		};
		2FE044AC191D68C4006DE74E /* Products */ = {
			isa = PBXGroup;
			children = (
				2FE044AB191D68C4006DE74E /* SourceTreeTest.app */,
				2FE044CC191D68C4006DE74E /* SourceTreeTestTests.xctest */,
			);
			name = Products;
			sourceTree = "<group>";
		};
		2FE044AD191D68C4006DE74E /* Frameworks */ = {
			isa = PBXGroup;
			children = (
				2FE044AE191D68C4006DE74E /* Foundation.framework */,
				2FE044B0191D68C4006DE74E /* CoreGraphics.framework */,
				2FE044B2191D68C4006DE74E /* UIKit.framework */,
				2FE044CD191D68C4006DE74E /* XCTest.framework */,
			);
			name = Frameworks;
			sourceTree = "<group>";
		};
		2FE044B4191D68C4006DE74E /* SourceTreeTest */ = {
			isa = PBXGroup;
			children = (
				2FE044BD191D68C4006DE74E /* PXAppDelegate.h */,
				2FE044BE191D68C4006DE74E /* PXAppDelegate.m */,
				2FE044C0191D68C4006DE74E /* Main.storyboard */,
				2FE044C3191D68C4006DE74E /* PXViewController.h */,
				2FE044C4191D68C4006DE74E /* PXViewController.m */,
				2FE044C6191D68C4006DE74E /* Images.xcassets */,
				2FE044B5191D68C4006DE74E /* Supporting Files */,
			);
			path = SourceTreeTest;
			sourceTree = "<group>";
		};
		2FE044B5191D68C4006DE74E /* Supporting Files */ = {
			isa = PBXGroup;
			children = (
				2FE044B6191D68C4006DE74E /* SourceTreeTest-Info.plist */,
				2FE044B7191D68C4006DE74E /* InfoPlist.strings */,
				2FE044BA191D68C4006DE74E /* main.m */,
				2FE044BC191D68C4006DE74E /* SourceTreeTest-Prefix.pch */,
			);
			name = "Supporting Files";
			sourceTree = "<group>";
		};
		2FE044D3191D68C4006DE74E /* SourceTreeTestTests */ = {
			isa = PBXGroup;
			children = (
				2FE044D9191D68C4006DE74E /* SourceTreeTestTests.m */,
				2FE044D4191D68C4006DE74E /* Supporting Files */,
			);
			path = SourceTreeTestTests;
			sourceTree = "<group>";
		};
		2FE044D4191D68C4006DE74E /* Supporting Files */ = {
			isa = PBXGroup;
			children = (
				2FE044D5191D68C4006DE74E /* SourceTreeTestTests-Info.plist */,
				2FE044D6191D68C4006DE74E /* InfoPlist.strings */,
			);
			name = "Supporting Files";
			sourceTree = "<group>";
		};
/* End PBXGroup section */

/* Begin PBXNativeTarget section */
		2FE044AA191D68C4006DE74E /* SourceTreeTest */ = {
			isa = PBXNativeTarget;
			buildConfigurationList = 2FE044DD191D68C4006DE74E /* Build configuration list for PBXNativeTarget "SourceTreeTest" */;
			buildPhases = (
				2FE044A7191D68C4006DE74E /* Sources */,
				2FE044A8191D68C4006DE74E /* Frameworks */,
				2FE044A9191D68C4006DE74E /* Resources */,
			);
			buildRules = (
			);
			dependencies = (
			);
			name = SourceTreeTest;
			productName = SourceTreeTest;
			productReference = 2FE044AB191D68C4006DE74E /* SourceTreeTest.app */;
			productType = "com.apple.product-type.application";
		};
		2FE044CB191D68C4006DE74E /* SourceTreeTestTests */ = {
			isa = PBXNativeTarget;
			buildConfigurationList = 2FE044E0191D68C4006DE74E /* Build configuration list for PBXNativeTarget "SourceTreeTestTests" */;
			buildPhases = (
				2FE044C8191D68C4006DE74E /* Sources */,
				2FE044C9191D68C4006DE74E /* Frameworks */,
				2FE044CA191D68C4006DE74E /* Resources */,
			);
			buildRules = (
			);
			dependencies = (
				2FE044D2191D68C4006DE74E /* PBXTargetDependency */,
			);
			name = SourceTreeTestTests;
			productName = SourceTreeTestTests;
			productReference = 2FE044CC191D68C4006DE74E /* SourceTreeTestTests.xctest */;
			productType = "com.apple.product-type.bundle.unit-test";
		};
/* End PBXNativeTarget section */

/* Begin PBXProject section */
		2FE044A3191D68C4006DE74E /* Project object */ = {
			isa = PBXProject;
			attributes = {
				CLASSPREFIX = PX;
				LastUpgradeCheck = 0510;
				ORGANIZATIONNAME = Paradox;
				TargetAttributes = {
					2FE044AA191D68C4006DE74E = {
						DevelopmentTeam = M8QFF2BHJ4;
					};
					2FE044CB191D68C4006DE74E = {
						TestTargetID = 2FE044AA191D68C4006DE74E;
					};
				};
			};
			buildConfigurationList = 2FE044A6191D68C4006DE74E /* Build configuration list for PBXProject "SourceTreeTest" */;
			compatibilityVersion = "Xcode 3.2";
			developmentRegion = English;
			hasScannedForEncodings = 0;
			knownRegions = (
				en,
				Base,
			);
			mainGroup = 2FE044A2191D68C4006DE74E;
			productRefGroup = 2FE044AC191D68C4006DE74E /* Products */;
			projectDirPath = "";
			projectRoot = "";
			targets = (
				2FE044AA191D68C4006DE74E /* SourceTreeTest */,
				2FE044CB191D68C4006DE74E /* SourceTreeTestTests */,
			);
		};
/* End PBXProject section */

/* Begin PBXResourcesBuildPhase section */
		2FE044A9191D68C4006DE74E /* Resources */ = {
			isa = PBXResourcesBuildPhase;
			buildActionMask = 2147483647;
			files = (
				2FE044C7191D68C4006DE74E /* Images.xcassets in Resources */,
				2FE044B9191D68C4006DE74E /* InfoPlist.strings in Resources */,
				2FE044C2191D68C4006DE74E /* Main.storyboard in Resources */,
			);
			runOnlyForDeploymentPostprocessing = 0;
		};
		2FE044CA191D68C4006DE74E /* Resources */ = {
			isa = PBXResourcesBuildPhase;
			buildActionMask = 2147483647;
			files = (
				2FE044D8191D68C4006DE74E /* InfoPlist.strings in Resources */,
			);
			runOnlyForDeploymentPostprocessing = 0;
		};
/* End PBXResourcesBuildPhase section */

/* Begin PBXSourcesBuildPhase section */
		2FE044A7191D68C4006DE74E /* Sources */ = {
			isa = PBXSourcesBuildPhase;
			buildActionMask = 2147483647;
			files = (
				2FE044C5191D68C4006DE74E /* PXViewController.m in Sources */,
				2FE044BF191D68C4006DE74E /* PXAppDelegate.m in Sources */,
				2FE044BB191D68C4006DE74E /* main.m in Sources */,
			);
			runOnlyForDeploymentPostprocessing = 0;
		};
		2FE044C8191D68C4006DE74E /* Sources */ = {
			isa = PBXSourcesBuildPhase;
			buildActionMask = 2147483647;
			files = (
				2FE044DA191D68C4006DE74E /* SourceTreeTestTests.m in Sources */,
			);
			runOnlyForDeploymentPostprocessing = 0;
		};
/* End PBXSourcesBuildPhase section */

/* Begin PBXTargetDependency section */
		2FE044D2191D68C4006DE74E /* PBXTargetDependency */ = {
			isa = PBXTargetDependency;
			target = 2FE044AA191D68C4006DE74E /* SourceTreeTest */;
			targetProxy = 2FE044D1191D68C4006DE74E /* PBXContainerItemProxy */;
		};
/* End PBXTargetDependency section */

/* Begin PBXVariantGroup section */
		2FE044B7191D68C4006DE74E /* InfoPlist.strings */ = {
			isa = PBXVariantGroup;
			children = (
				2FE044B8191D68C4006DE74E /* en */,
			);
			name = InfoPlist.strings;
			sourceTree = "<group>";
		};
		2FE044C0191D68C4006DE74E /* Main.storyboard */ = {
			isa = PBXVariantGroup;
			children = (
				2FE044C1191D68C4006DE74E /* Base */,
			);
			name = Main.storyboard;
			sourceTree = "<group>";
		};
		2FE044D6191D68C4006DE74E /* InfoPlist.strings */ = {
			isa = PBXVariantGroup;
			children = (
				2FE044D7191D68C4006DE74E /* en */,
			);
			name = InfoPlist.strings;
			sourceTree = "<group>";
		};
/* End PBXVariantGroup section */

/* Begin XCBuildConfiguration section */
		2FE044DB191D68C4006DE74E /* Debug */ = {
			isa = XCBuildConfiguration;
			buildSettings = {
				ALWAYS_SEARCH_USER_PATHS = NO;
				CLANG_CXX_LANGUAGE_STANDARD = "gnu++0x";
				CLANG_CXX_LIBRARY = "libc++";
				CLANG_ENABLE_MODULES = YES;
				CLANG_ENABLE_OBJC_ARC = YES;
				CLANG_WARN_BOOL_CONVERSION = YES;
				CLANG_WARN_CONSTANT_CONVERSION = YES;
				CLANG_WARN_DIRECT_OBJC_ISA_USAGE = YES_ERROR;
				CLANG_WARN_EMPTY_BODY = YES;
				CLANG_WARN_ENUM_CONVERSION = YES;
				CLANG_WARN_INT_CONVERSION = YES;
				CLANG_WARN_OBJC_ROOT_CLASS = YES_ERROR;
				CLANG_WARN__DUPLICATE_METHOD_MATCH = YES;
				"CODE_SIGN_IDENTITY[sdk=iphoneos*]" = "iPhone Developer";
				COPY_PHASE_STRIP = NO;
				GCC_C_LANGUAGE_STANDARD = gnu99;
				GCC_DYNAMIC_NO_PIC = NO;
				GCC_OPTIMIZATION_LEVEL = 0;
				GCC_PREPROCESSOR_DEFINITIONS = (
					"DEBUG=1",
					"$(inherited)",
				);
				GCC_SYMBOLS_PRIVATE_EXTERN = NO;
				GCC_WARN_64_TO_32_BIT_CONVERSION = YES;
				GCC_WARN_ABOUT_RETURN_TYPE = YES_ERROR;
				GCC_WARN_UNDECLARED_SELECTOR = YES;
				GCC_WARN_UNINITIALIZED_AUTOS = YES_AGGRESSIVE;
				GCC_WARN_UNUSED_FUNCTION = YES;
				GCC_WARN_UNUSED_VARIABLE = YES;
				IPHONEOS_DEPLOYMENT_TARGET = 7.1;
				ONLY_ACTIVE_ARCH = YES;
				SDKROOT = iphoneos;
			};
			name = Debug;
		};
		2FE044DC191D68C4006DE74E /* Release */ = {
			isa = XCBuildConfiguration;
			buildSettings = {
				ALWAYS_SEARCH_USER_PATHS = NO;
				CLANG_CXX_LANGUAGE_STANDARD = "gnu++0x";
				CLANG_CXX_LIBRARY = "libc++";
				CLANG_ENABLE_MODULES = YES;
				CLANG_ENABLE_OBJC_ARC = YES;
				CLANG_WARN_BOOL_CONVERSION = YES;
				CLANG_WARN_CONSTANT_CONVERSION = YES;
				CLANG_WARN_DIRECT_OBJC_ISA_USAGE = YES_ERROR;
				CLANG_WARN_EMPTY_BODY = YES;
				CLANG_WARN_ENUM_CONVERSION = YES;
				CLANG_WARN_INT_CONVERSION = YES;
				CLANG_WARN_OBJC_ROOT_CLASS = YES_ERROR;
				CLANG_WARN__DUPLICATE_METHOD_MATCH = YES;
				"CODE_SIGN_IDENTITY[sdk=iphoneos*]" = "iPhone Developer";
				COPY_PHASE_STRIP = YES;
				ENABLE_NS_ASSERTIONS = NO;
				GCC_C_LANGUAGE_STANDARD = gnu99;
				GCC_WARN_64_TO_32_BIT_CONVERSION = YES;
				GCC_WARN_ABOUT_RETURN_TYPE = YES_ERROR;
				GCC_WARN_UNDECLARED_SELECTOR = YES;
				GCC_WARN_UNINITIALIZED_AUTOS = YES_AGGRESSIVE;
				GCC_WARN_UNUSED_FUNCTION = YES;
				GCC_WARN_UNUSED_VARIABLE = YES;
				IPHONEOS_DEPLOYMENT_TARGET = 7.1;
				SDKROOT = iphoneos;
				VALIDATE_PRODUCT = YES;
			};
			name = Release;
		};
		2FE044DE191D68C4006DE74E /* Debug */ = {
			isa = XCBuildConfiguration;
			buildSettings = {
				ASSETCATALOG_COMPILER_APPICON_NAME = AppIcon;
				ASSETCATALOG_COMPILER_LAUNCHIMAGE_NAME = LaunchImage;
				CODE_SIGN_IDENTITY = "iPhone Developer";
				"CODE_SIGN_IDENTITY[sdk=iphoneos*]" = "iPhone Developer";
				GCC_PRECOMPILE_PREFIX_HEADER = YES;
				GCC_PREFIX_HEADER = "SourceTreeTest/SourceTreeTest-Prefix.pch";
				INFOPLIST_FILE = "SourceTreeTest/SourceTreeTest-Info.plist";
				PRODUCT_NAME = "$(TARGET_NAME)";
				PROVISIONING_PROFILE = "";
				WRAPPER_EXTENSION = app;
			};
			name = Debug;
		};
		2FE044DF191D68C4006DE74E /* Release */ = {
			isa = XCBuildConfiguration;
			buildSettings = {
				ASSETCATALOG_COMPILER_APPICON_NAME = AppIcon;
				ASSETCATALOG_COMPILER_LAUNCHIMAGE_NAME = LaunchImage;
				CODE_SIGN_IDENTITY = "iPhone Developer";
				"CODE_SIGN_IDENTITY[sdk=iphoneos*]" = "iPhone Developer";
				GCC_PRECOMPILE_PREFIX_HEADER = YES;
				GCC_PREFIX_HEADER = "SourceTreeTest/SourceTreeTest-Prefix.pch";
				INFOPLIST_FILE = "SourceTreeTest/SourceTreeTest-Info.plist";
				PRODUCT_NAME = "$(TARGET_NAME)";
				PROVISIONING_PROFILE = "";
				WRAPPER_EXTENSION = app;
			};
			name = Release;
		};
		2FE044E1191D68C4006DE74E /* Debug */ = {
			isa = XCBuildConfiguration;
			buildSettings = {
				BUNDLE_LOADER = "$(BUILT_PRODUCTS_DIR)/SourceTreeTest.app/SourceTreeTest";
				FRAMEWORK_SEARCH_PATHS = (
					"$(SDKROOT)/Developer/Library/Frameworks",
					"$(inherited)",
					"$(DEVELOPER_FRAMEWORKS_DIR)",
				);
				GCC_PRECOMPILE_PREFIX_HEADER = YES;
				GCC_PREFIX_HEADER = "SourceTreeTest/SourceTreeTest-Prefix.pch";
				GCC_PREPROCESSOR_DEFINITIONS = (
					"DEBUG=1",
					"$(inherited)",
				);
				INFOPLIST_FILE = "SourceTreeTestTests/SourceTreeTestTests-Info.plist";
				PRODUCT_NAME = "$(TARGET_NAME)";
				TEST_HOST = "$(BUNDLE_LOADER)";
				WRAPPER_EXTENSION = xctest;
			};
			name = Debug;
		};
		2FE044E2191D68C4006DE74E /* Release */ = {
			isa = XCBuildConfiguration;
			buildSettings = {
				BUNDLE_LOADER = "$(BUILT_PRODUCTS_DIR)/SourceTreeTest.app/SourceTreeTest";
				FRAMEWORK_SEARCH_PATHS = (
					"$(SDKROOT)/Developer/Library/Frameworks",
					"$(inherited)",
					"$(DEVELOPER_FRAMEWORKS_DIR)",
				);
				GCC_PRECOMPILE_PREFIX_HEADER = YES;
				GCC_PREFIX_HEADER = "SourceTreeTest/SourceTreeTest-Prefix.pch";
				INFOPLIST_FILE = "SourceTreeTestTests/SourceTreeTestTests-Info.plist";
				PRODUCT_NAME = "$(TARGET_NAME)";
				TEST_HOST = "$(BUNDLE_LOADER)";
				WRAPPER_EXTENSION = xctest;
			};
			name = Release;
		};
/* End XCBuildConfiguration section */

/* Begin XCConfigurationList section */
		2FE044A6191D68C4006DE74E /* Build configuration list for PBXProject "SourceTreeTest" */ = {
			isa = XCConfigurationList;
			buildConfigurations = (
				2FE044DB191D68C4006DE74E /* Debug */,
				2FE044DC191D68C4006DE74E /* Release */,
			);
			defaultConfigurationIsVisible = 0;
			defaultConfigurationName = Release;
		};
		2FE044DD191D68C4006DE74E /* Build configuration list for PBXNativeTarget "SourceTreeTest" */ = {
			isa = XCConfigurationList;
			buildConfigurations = (
				2FE044DE191D68C4006DE74E /* Debug */,
				2FE044DF191D68C4006DE74E /* Release */,
			);
			defaultConfigurationIsVisible = 0;
		};
		2FE044E0191D68C4006DE74E /* Build configuration list for PBXNativeTarget "SourceTreeTestTests" */ = {
			isa = XCConfigurationList;
			buildConfigurations = (
				2FE044E1191D68C4006DE74E /* Debug */,
				2FE044E2191D68C4006DE74E /* Release */,
			);
			defaultConfigurationIsVisible = 0;
		};
/* End XCConfigurationList section */
	};
	rootObject = 2FE044A3191D68C4006DE74E /* Project object */;
}
